
Microsoft Visual Studio Solution File, Format Version 12.00
# Visual Studio 15
VisualStudioVersion = 15.0.28010.2026
MinimumVisualStudioVersion = 10.0.40219.1
Project("{FAE04EC0-301F-11D3-BF4B-00C04F79EFBC}") = "HeskiAntonioZadatakZaKraj", "HeskiAntonioZadatakZaKraj\HeskiAntonioZadatakZaKraj.csproj", "{C725C02A-DAEF-461C-A1F8-0D5C8C34785B}"
EndProject
Global
	GlobalSection(SolutionConfigurationPlatforms) = preSolution
		Debug|Any CPU = Debug|Any CPU
		Release|Any CPU = Release|Any CPU
	EndGlobalSection
	GlobalSection(ProjectConfigurationPlatforms) = postSolution
		{C725C02A-DAEF-461C-A1F8-0D5C8C34785B}.Debug|Any CPU.ActiveCfg = Debug|Any CPU
		{C725C02A-DAEF-461C-A1F8-0D5C8C34785B}.Debug|Any CPU.Build.0 = Debug|Any CPU
		{C725C02A-DAEF-461C-A1F8-0D5C8C34785B}.Release|Any CPU.ActiveCfg = Release|Any CPU
		{C725C02A-DAEF-461C-A1F8-0D5C8C34785B}.Release|Any CPU.Build.0 = Release|Any CPU
	EndGlobalSection
	GlobalSection(SolutionProperties) = preSolution
		HideSolutionNode = FALSE
	EndGlobalSection
	GlobalSection(ExtensibilityGlobals) = postSolution
		SolutionGuid = {DABBA90E-FC65-4131-8DE7-1474A7F6F988}
	EndGlobalSection
EndGlobal
