
Microsoft Visual Studio Solution File, Format Version 12.00
# Visual Studio 15
VisualStudioVersion = 15.0.28010.2026
MinimumVisualStudioVersion = 10.0.40219.1
Project("{FAE04EC0-301F-11D3-BF4B-00C04F79EFBC}") = "HeskiAntonioStreamWriter", "HeskiAntonioStreamWriter\HeskiAntonioStreamWriter.csproj", "{152AF15E-D712-43F5-A4B3-65DA27297DFE}"
EndProject
Global
	GlobalSection(SolutionConfigurationPlatforms) = preSolution
		Debug|Any CPU = Debug|Any CPU
		Release|Any CPU = Release|Any CPU
	EndGlobalSection
	GlobalSection(ProjectConfigurationPlatforms) = postSolution
		{152AF15E-D712-43F5-A4B3-65DA27297DFE}.Debug|Any CPU.ActiveCfg = Debug|Any CPU
		{152AF15E-D712-43F5-A4B3-65DA27297DFE}.Debug|Any CPU.Build.0 = Debug|Any CPU
		{152AF15E-D712-43F5-A4B3-65DA27297DFE}.Release|Any CPU.ActiveCfg = Release|Any CPU
		{152AF15E-D712-43F5-A4B3-65DA27297DFE}.Release|Any CPU.Build.0 = Release|Any CPU
	EndGlobalSection
	GlobalSection(SolutionProperties) = preSolution
		HideSolutionNode = FALSE
	EndGlobalSection
	GlobalSection(ExtensibilityGlobals) = postSolution
		SolutionGuid = {A9AB8F05-F645-4121-8359-263E0C56029B}
	EndGlobalSection
EndGlobal
